// !$*UTF8*$!
{
	archiveVersion = 1;
	classes = {
	};
	objectVersion = 50;
	objects = {

/* Begin PBXBuildFile section */
		525A1DBF26B2FD1E001AF29A /* HeartApp.swift in Sources */ = {isa = PBXBuildFile; fileRef = 525A1DBE26B2FD1E001AF29A /* HeartApp.swift */; };
		525A1DC126B2FD1E001AF29A /* ContentView.swift in Sources */ = {isa = PBXBuildFile; fileRef = 525A1DC026B2FD1E001AF29A /* ContentView.swift */; };
		525A1DC326B2FD25001AF29A /* Assets.xcassets in Resources */ = {isa = PBXBuildFile; fileRef = 525A1DC226B2FD25001AF29A /* Assets.xcassets */; };
		525A1DC626B2FD25001AF29A /* Preview Assets.xcassets in Resources */ = {isa = PBXBuildFile; fileRef = 525A1DC526B2FD25001AF29A /* Preview Assets.xcassets */; };
		525A1DD126B2FD25001AF29A /* HeartTests.swift in Sources */ = {isa = PBXBuildFile; fileRef = 525A1DD026B2FD25001AF29A /* HeartTests.swift */; };
		525A1DDC26B2FD26001AF29A /* HeartUITests.swift in Sources */ = {isa = PBXBuildFile; fileRef = 525A1DDB26B2FD26001AF29A /* HeartUITests.swift */; };
/* End PBXBuildFile section */

/* Begin PBXContainerItemProxy section */
		525A1DCD26B2FD25001AF29A /* PBXContainerItemProxy */ = {
			isa = PBXContainerItemProxy;
			containerPortal = 525A1DB326B2FD1E001AF29A /* Project object */;
			proxyType = 1;
			remoteGlobalIDString = 525A1DBA26B2FD1E001AF29A;
			remoteInfo = Heart;
		};
		525A1DD826B2FD25001AF29A /* PBXContainerItemProxy */ = {
			isa = PBXContainerItemProxy;
			containerPortal = 525A1DB326B2FD1E001AF29A /* Project object */;
			proxyType = 1;
			remoteGlobalIDString = 525A1DBA26B2FD1E001AF29A;
			remoteInfo = Heart;
		};
/* End PBXContainerItemProxy section */

/* Begin PBXFileReference section */
		525A1DBB26B2FD1E001AF29A /* Heart.app */ = {isa = PBXFileReference; explicitFileType = wrapper.application; includeInIndex = 0; path = Heart.app; sourceTree = BUILT_PRODUCTS_DIR; };
		525A1DBE26B2FD1E001AF29A /* HeartApp.swift */ = {isa = PBXFileReference; lastKnownFileType = sourcecode.swift; path = HeartApp.swift; sourceTree = "<group>"; };
		525A1DC026B2FD1E001AF29A /* ContentView.swift */ = {isa = PBXFileReference; lastKnownFileType = sourcecode.swift; path = ContentView.swift; sourceTree = "<group>"; };
		525A1DC226B2FD25001AF29A /* Assets.xcassets */ = {isa = PBXFileReference; lastKnownFileType = folder.assetcatalog; path = Assets.xcassets; sourceTree = "<group>"; };
		525A1DC526B2FD25001AF29A /* Preview Assets.xcassets */ = {isa = PBXFileReference; lastKnownFileType = folder.assetcatalog; path = "Preview Assets.xcassets"; sourceTree = "<group>"; };
		525A1DC726B2FD25001AF29A /* Info.plist */ = {isa = PBXFileReference; lastKnownFileType = text.plist.xml; path = Info.plist; sourceTree = "<group>"; };
		525A1DCC26B2FD25001AF29A /* HeartTests.xctest */ = {isa = PBXFileReference; explicitFileType = wrapper.cfbundle; includeInIndex = 0; path = HeartTests.xctest; sourceTree = BUILT_PRODUCTS_DIR; };
		525A1DD026B2FD25001AF29A /* HeartTests.swift */ = {isa = PBXFileReference; lastKnownFileType = sourcecode.swift; path = HeartTests.swift; sourceTree = "<group>"; };
		525A1DD226B2FD25001AF29A /* Info.plist */ = {isa = PBXFileReference; lastKnownFileType = text.plist.xml; path = Info.plist; sourceTree = "<group>"; };
		525A1DD726B2FD25001AF29A /* HeartUITests.xctest */ = {isa = PBXFileReference; explicitFileType = wrapper.cfbundle; includeInIndex = 0; path = HeartUITests.xctest; sourceTree = BUILT_PRODUCTS_DIR; };
		525A1DDB26B2FD26001AF29A /* HeartUITests.swift */ = {isa = PBXFileReference; lastKnownFileType = sourcecode.swift; path = HeartUITests.swift; sourceTree = "<group>"; };
		525A1DDD26B2FD26001AF29A /* Info.plist */ = {isa = PBXFileReference; lastKnownFileType = text.plist.xml; path = Info.plist; sourceTree = "<group>"; };
/* End PBXFileReference section */

/* Begin PBXFrameworksBuildPhase section */
		525A1DB826B2FD1E001AF29A /* Frameworks */ = {
			isa = PBXFrameworksBuildPhase;
			buildActionMask = 2147483647;
			files = (
			);
			runOnlyForDeploymentPostprocessing = 0;
		};
		525A1DC926B2FD25001AF29A /* Frameworks */ = {
			isa = PBXFrameworksBuildPhase;
			buildActionMask = 2147483647;
			files = (
			);
			runOnlyForDeploymentPostprocessing = 0;
		};
		525A1DD426B2FD25001AF29A /* Frameworks */ = {
			isa = PBXFrameworksBuildPhase;
			buildActionMask = 2147483647;
			files = (
			);
			runOnlyForDeploymentPostprocessing = 0;
		};
/* End PBXFrameworksBuildPhase section */

/* Begin PBXGroup section */
		525A1DB226B2FD1E001AF29A = {
			isa = PBXGroup;
			children = (
				525A1DBD26B2FD1E001AF29A /* Heart */,
				525A1DCF26B2FD25001AF29A /* HeartTests */,
				525A1DDA26B2FD25001AF29A /* HeartUITests */,
				525A1DBC26B2FD1E001AF29A /* Products */,
			);
			sourceTree = "<group>";
		};
		525A1DBC26B2FD1E001AF29A /* Products */ = {
			isa = PBXGroup;
			children = (
				525A1DBB26B2FD1E001AF29A /* Heart.app */,
				525A1DCC26B2FD25001AF29A /* HeartTests.xctest */,
				525A1DD726B2FD25001AF29A /* HeartUITests.xctest */,
			);
			name = Products;
			sourceTree = "<group>";
		};
		525A1DBD26B2FD1E001AF29A /* Heart */ = {
			isa = PBXGroup;
			children = (
				525A1DBE26B2FD1E001AF29A /* HeartApp.swift */,
				525A1DC026B2FD1E001AF29A /* ContentView.swift */,
				525A1DC226B2FD25001AF29A /* Assets.xcassets */,
				525A1DC726B2FD25001AF29A /* Info.plist */,
				525A1DC426B2FD25001AF29A /* Preview Content */,
			);
			path = Heart;
			sourceTree = "<group>";
		};
		525A1DC426B2FD25001AF29A /* Preview Content */ = {
			isa = PBXGroup;
			children = (
				525A1DC526B2FD25001AF29A /* Preview Assets.xcassets */,
			);
			path = "Preview Content";
			sourceTree = "<group>";
		};
		525A1DCF26B2FD25001AF29A /* HeartTests */ = {
			isa = PBXGroup;
			children = (
				525A1DD026B2FD25001AF29A /* HeartTests.swift */,
				525A1DD226B2FD25001AF29A /* Info.plist */,
			);
			path = HeartTests;
			sourceTree = "<group>";
		};
		525A1DDA26B2FD25001AF29A /* HeartUITests */ = {
			isa = PBXGroup;
			children = (
				525A1DDB26B2FD26001AF29A /* HeartUITests.swift */,
				525A1DDD26B2FD26001AF29A /* Info.plist */,
			);
			path = HeartUITests;
			sourceTree = "<group>";
		};
/* End PBXGroup section */

/* Begin PBXNativeTarget section */
		525A1DBA26B2FD1E001AF29A /* Heart */ = {
			isa = PBXNativeTarget;
			buildConfigurationList = 525A1DE026B2FD26001AF29A /* Build configuration list for PBXNativeTarget "Heart" */;
			buildPhases = (
				525A1DB726B2FD1E001AF29A /* Sources */,
				525A1DB826B2FD1E001AF29A /* Frameworks */,
				525A1DB926B2FD1E001AF29A /* Resources */,
			);
			buildRules = (
			);
			dependencies = (
			);
			name = Heart;
			productName = Heart;
			productReference = 525A1DBB26B2FD1E001AF29A /* Heart.app */;
			productType = "com.apple.product-type.application";
		};
		525A1DCB26B2FD25001AF29A /* HeartTests */ = {
			isa = PBXNativeTarget;
			buildConfigurationList = 525A1DE326B2FD26001AF29A /* Build configuration list for PBXNativeTarget "HeartTests" */;
			buildPhases = (
				525A1DC826B2FD25001AF29A /* Sources */,
				525A1DC926B2FD25001AF29A /* Frameworks */,
				525A1DCA26B2FD25001AF29A /* Resources */,
			);
			buildRules = (
			);
			dependencies = (
				525A1DCE26B2FD25001AF29A /* PBXTargetDependency */,
			);
			name = HeartTests;
			productName = HeartTests;
			productReference = 525A1DCC26B2FD25001AF29A /* HeartTests.xctest */;
			productType = "com.apple.product-type.bundle.unit-test";
		};
		525A1DD626B2FD25001AF29A /* HeartUITests */ = {
			isa = PBXNativeTarget;
			buildConfigurationList = 525A1DE626B2FD26001AF29A /* Build configuration list for PBXNativeTarget "HeartUITests" */;
			buildPhases = (
				525A1DD326B2FD25001AF29A /* Sources */,
				525A1DD426B2FD25001AF29A /* Frameworks */,
				525A1DD526B2FD25001AF29A /* Resources */,
			);
			buildRules = (
			);
			dependencies = (
				525A1DD926B2FD25001AF29A /* PBXTargetDependency */,
			);
			name = HeartUITests;
			productName = HeartUITests;
			productReference = 525A1DD726B2FD25001AF29A /* HeartUITests.xctest */;
			productType = "com.apple.product-type.bundle.ui-testing";
		};
/* End PBXNativeTarget section */

/* Begin PBXProject section */
		525A1DB326B2FD1E001AF29A /* Project object */ = {
			isa = PBXProject;
			attributes = {
				LastSwiftUpdateCheck = 1250;
				LastUpgradeCheck = 1250;
				TargetAttributes = {
					525A1DBA26B2FD1E001AF29A = {
						CreatedOnToolsVersion = 12.5.1;
					};
					525A1DCB26B2FD25001AF29A = {
						CreatedOnToolsVersion = 12.5.1;
						TestTargetID = 525A1DBA26B2FD1E001AF29A;
					};
					525A1DD626B2FD25001AF29A = {
						CreatedOnToolsVersion = 12.5.1;
						TestTargetID = 525A1DBA26B2FD1E001AF29A;
					};
				};
			};
			buildConfigurationList = 525A1DB626B2FD1E001AF29A /* Build configuration list for PBXProject "Heart" */;
			compatibilityVersion = "Xcode 9.3";
			developmentRegion = en;
			hasScannedForEncodings = 0;
			knownRegions = (
				en,
				Base,
			);
			mainGroup = 525A1DB226B2FD1E001AF29A;
			productRefGroup = 525A1DBC26B2FD1E001AF29A /* Products */;
			projectDirPath = "";
			projectRoot = "";
			targets = (
				525A1DBA26B2FD1E001AF29A /* Heart */,
				525A1DCB26B2FD25001AF29A /* HeartTests */,
				525A1DD626B2FD25001AF29A /* HeartUITests */,
			);
		};
/* End PBXProject section */

/* Begin PBXResourcesBuildPhase section */
		525A1DB926B2FD1E001AF29A /* Resources */ = {
			isa = PBXResourcesBuildPhase;
			buildActionMask = 2147483647;
			files = (
				525A1DC626B2FD25001AF29A /* Preview Assets.xcassets in Resources */,
				525A1DC326B2FD25001AF29A /* Assets.xcassets in Resources */,
			);
			runOnlyForDeploymentPostprocessing = 0;
		};
		525A1DCA26B2FD25001AF29A /* Resources */ = {
			isa = PBXResourcesBuildPhase;
			buildActionMask = 2147483647;
			files = (
			);
			runOnlyForDeploymentPostprocessing = 0;
		};
		525A1DD526B2FD25001AF29A /* Resources */ = {
			isa = PBXResourcesBuildPhase;
			buildActionMask = 2147483647;
			files = (
			);
			runOnlyForDeploymentPostprocessing = 0;
		};
/* End PBXResourcesBuildPhase section */

/* Begin PBXSourcesBuildPhase section */
		525A1DB726B2FD1E001AF29A /* Sources */ = {
			isa = PBXSourcesBuildPhase;
			buildActionMask = 2147483647;
			files = (
				525A1DC126B2FD1E001AF29A /* ContentView.swift in Sources */,
				525A1DBF26B2FD1E001AF29A /* HeartApp.swift in Sources */,
			);
			runOnlyForDeploymentPostprocessing = 0;
		};
		525A1DC826B2FD25001AF29A /* Sources */ = {
			isa = PBXSourcesBuildPhase;
			buildActionMask = 2147483647;
			files = (
				525A1DD126B2FD25001AF29A /* HeartTests.swift in Sources */,
			);
			runOnlyForDeploymentPostprocessing = 0;
		};
		525A1DD326B2FD25001AF29A /* Sources */ = {
			isa = PBXSourcesBuildPhase;
			buildActionMask = 2147483647;
			files = (
				525A1DDC26B2FD26001AF29A /* HeartUITests.swift in Sources */,
			);
			runOnlyForDeploymentPostprocessing = 0;
		};
/* End PBXSourcesBuildPhase section */

/* Begin PBXTargetDependency section */
		525A1DCE26B2FD25001AF29A /* PBXTargetDependency */ = {
			isa = PBXTargetDependency;
			target = 525A1DBA26B2FD1E001AF29A /* Heart */;
			targetProxy = 525A1DCD26B2FD25001AF29A /* PBXContainerItemProxy */;
		};
		525A1DD926B2FD25001AF29A /* PBXTargetDependency */ = {
			isa = PBXTargetDependency;
			target = 525A1DBA26B2FD1E001AF29A /* Heart */;
			targetProxy = 525A1DD826B2FD25001AF29A /* PBXContainerItemProxy */;
		};
/* End PBXTargetDependency section */

/* Begin XCBuildConfiguration section */
		525A1DDE26B2FD26001AF29A /* Debug */ = {
			isa = XCBuildConfiguration;
			buildSettings = {
				ALWAYS_SEARCH_USER_PATHS = NO;
				CLANG_ANALYZER_NONNULL = YES;
				CLANG_ANALYZER_NUMBER_OBJECT_CONVERSION = YES_AGGRESSIVE;
				CLANG_CXX_LANGUAGE_STANDARD = "gnu++14";
				CLANG_CXX_LIBRARY = "libc++";
				CLANG_ENABLE_MODULES = YES;
				CLANG_ENABLE_OBJC_ARC = YES;
				CLANG_ENABLE_OBJC_WEAK = YES;
				CLANG_WARN_BLOCK_CAPTURE_AUTORELEASING = YES;
				CLANG_WARN_BOOL_CONVERSION = YES;
				CLANG_WARN_COMMA = YES;
				CLANG_WARN_CONSTANT_CONVERSION = YES;
				CLANG_WARN_DEPRECATED_OBJC_IMPLEMENTATIONS = YES;
				CLANG_WARN_DIRECT_OBJC_ISA_USAGE = YES_ERROR;
				CLANG_WARN_DOCUMENTATION_COMMENTS = YES;
				CLANG_WARN_EMPTY_BODY = YES;
				CLANG_WARN_ENUM_CONVERSION = YES;
				CLANG_WARN_INFINITE_RECURSION = YES;
				CLANG_WARN_INT_CONVERSION = YES;
				CLANG_WARN_NON_LITERAL_NULL_CONVERSION = YES;
				CLANG_WARN_OBJC_IMPLICIT_RETAIN_SELF = YES;
				CLANG_WARN_OBJC_LITERAL_CONVERSION = YES;
				CLANG_WARN_OBJC_ROOT_CLASS = YES_ERROR;
				CLANG_WARN_QUOTED_INCLUDE_IN_FRAMEWORK_HEADER = YES;
				CLANG_WARN_RANGE_LOOP_ANALYSIS = YES;
				CLANG_WARN_STRICT_PROTOTYPES = YES;
				CLANG_WARN_SUSPICIOUS_MOVE = YES;
				CLANG_WARN_UNGUARDED_AVAILABILITY = YES_AGGRESSIVE;
				CLANG_WARN_UNREACHABLE_CODE = YES;
				CLANG_WARN__DUPLICATE_METHOD_MATCH = YES;
				COPY_PHASE_STRIP = NO;
				DEBUG_INFORMATION_FORMAT = dwarf;
				ENABLE_STRICT_OBJC_MSGSEND = YES;
				ENABLE_TESTABILITY = YES;
				GCC_C_LANGUAGE_STANDARD = gnu11;
				GCC_DYNAMIC_NO_PIC = NO;
				GCC_NO_COMMON_BLOCKS = YES;
				GCC_OPTIMIZATION_LEVEL = 0;
				GCC_PREPROCESSOR_DEFINITIONS = (
					"DEBUG=1",
					"$(inherited)",
				);
				GCC_WARN_64_TO_32_BIT_CONVERSION = YES;
				GCC_WARN_ABOUT_RETURN_TYPE = YES_ERROR;
				GCC_WARN_UNDECLARED_SELECTOR = YES;
				GCC_WARN_UNINITIALIZED_AUTOS = YES_AGGRESSIVE;
				GCC_WARN_UNUSED_FUNCTION = YES;
				GCC_WARN_UNUSED_VARIABLE = YES;
				IPHONEOS_DEPLOYMENT_TARGET = 14.5;
				MTL_ENABLE_DEBUG_INFO = INCLUDE_SOURCE;
				MTL_FAST_MATH = YES;
				ONLY_ACTIVE_ARCH = YES;
				SDKROOT = iphoneos;
				SWIFT_ACTIVE_COMPILATION_CONDITIONS = DEBUG;
				SWIFT_OPTIMIZATION_LEVEL = "-Onone";
			};
			name = Debug;
		};
		525A1DDF26B2FD26001AF29A /* Release */ = {
			isa = XCBuildConfiguration;
			buildSettings = {
				ALWAYS_SEARCH_USER_PATHS = NO;
				CLANG_ANALYZER_NONNULL = YES;
				CLANG_ANALYZER_NUMBER_OBJECT_CONVERSION = YES_AGGRESSIVE;
				CLANG_CXX_LANGUAGE_STANDARD = "gnu++14";
				CLANG_CXX_LIBRARY = "libc++";
				CLANG_ENABLE_MODULES = YES;
				CLANG_ENABLE_OBJC_ARC = YES;
				CLANG_ENABLE_OBJC_WEAK = YES;
				CLANG_WARN_BLOCK_CAPTURE_AUTORELEASING = YES;
				CLANG_WARN_BOOL_CONVERSION = YES;
				CLANG_WARN_COMMA = YES;
				CLANG_WARN_CONSTANT_CONVERSION = YES;
				CLANG_WARN_DEPRECATED_OBJC_IMPLEMENTATIONS = YES;
				CLANG_WARN_DIRECT_OBJC_ISA_USAGE = YES_ERROR;
				CLANG_WARN_DOCUMENTATION_COMMENTS = YES;
				CLANG_WARN_EMPTY_BODY = YES;
				CLANG_WARN_ENUM_CONVERSION = YES;
				CLANG_WARN_INFINITE_RECURSION = YES;
				CLANG_WARN_INT_CONVERSION = YES;
				CLANG_WARN_NON_LITERAL_NULL_CONVERSION = YES;
				CLANG_WARN_OBJC_IMPLICIT_RETAIN_SELF = YES;
				CLANG_WARN_OBJC_LITERAL_CONVERSION = YES;
				CLANG_WARN_OBJC_ROOT_CLASS = YES_ERROR;
				CLANG_WARN_QUOTED_INCLUDE_IN_FRAMEWORK_HEADER = YES;
				CLANG_WARN_RANGE_LOOP_ANALYSIS = YES;
				CLANG_WARN_STRICT_PROTOTYPES = YES;
				CLANG_WARN_SUSPICIOUS_MOVE = YES;
				CLANG_WARN_UNGUARDED_AVAILABILITY = YES_AGGRESSIVE;
				CLANG_WARN_UNREACHABLE_CODE = YES;
				CLANG_WARN__DUPLICATE_METHOD_MATCH = YES;
				COPY_PHASE_STRIP = NO;
				DEBUG_INFORMATION_FORMAT = "dwarf-with-dsym";
				ENABLE_NS_ASSERTIONS = NO;
				ENABLE_STRICT_OBJC_MSGSEND = YES;
				GCC_C_LANGUAGE_STANDARD = gnu11;
				GCC_NO_COMMON_BLOCKS = YES;
				GCC_WARN_64_TO_32_BIT_CONVERSION = YES;
				GCC_WARN_ABOUT_RETURN_TYPE = YES_ERROR;
				GCC_WARN_UNDECLARED_SELECTOR = YES;
				GCC_WARN_UNINITIALIZED_AUTOS = YES_AGGRESSIVE;
				GCC_WARN_UNUSED_FUNCTION = YES;
				GCC_WARN_UNUSED_VARIABLE = YES;
				IPHONEOS_DEPLOYMENT_TARGET = 14.5;
				MTL_ENABLE_DEBUG_INFO = NO;
				MTL_FAST_MATH = YES;
				SDKROOT = iphoneos;
				SWIFT_COMPILATION_MODE = wholemodule;
				SWIFT_OPTIMIZATION_LEVEL = "-O";
				VALIDATE_PRODUCT = YES;
			};
			name = Release;
		};
		525A1DE126B2FD26001AF29A /* Debug */ = {
			isa = XCBuildConfiguration;
			buildSettings = {
				ASSETCATALOG_COMPILER_APPICON_NAME = AppIcon;
				ASSETCATALOG_COMPILER_GLOBAL_ACCENT_COLOR_NAME = AccentColor;
				CODE_SIGN_STYLE = Automatic;
				DEVELOPMENT_ASSET_PATHS = "\"Heart/Preview Content\"";
				ENABLE_PREVIEWS = YES;
				INFOPLIST_FILE = Heart/Info.plist;
				IPHONEOS_DEPLOYMENT_TARGET = 14.0;
				LD_RUNPATH_SEARCH_PATHS = (
					"$(inherited)",
					"@executable_path/Frameworks",
				);
				PRODUCT_BUNDLE_IDENTIFIER = "-.Heart";
				PRODUCT_NAME = "$(TARGET_NAME)";
				SWIFT_VERSION = 5.0;
				TARGETED_DEVICE_FAMILY = "1,2";
			};
			name = Debug;
		};
		525A1DE226B2FD26001AF29A /* Release */ = {
			isa = XCBuildConfiguration;
			buildSettings = {
				ASSETCATALOG_COMPILER_APPICON_NAME = AppIcon;
				ASSETCATALOG_COMPILER_GLOBAL_ACCENT_COLOR_NAME = AccentColor;
				CODE_SIGN_STYLE = Automatic;
				DEVELOPMENT_ASSET_PATHS = "\"Heart/Preview Content\"";
				ENABLE_PREVIEWS = YES;
				INFOPLIST_FILE = Heart/Info.plist;
				IPHONEOS_DEPLOYMENT_TARGET = 14.0;
				LD_RUNPATH_SEARCH_PATHS = (
					"$(inherited)",
					"@executable_path/Frameworks",
				);
				PRODUCT_BUNDLE_IDENTIFIER = "-.Heart";
				PRODUCT_NAME = "$(TARGET_NAME)";
				SWIFT_VERSION = 5.0;
				TARGETED_DEVICE_FAMILY = "1,2";
			};
			name = Release;
		};
		525A1DE426B2FD26001AF29A /* Debug */ = {
			isa = XCBuildConfiguration;
			buildSettings = {
				ALWAYS_EMBED_SWIFT_STANDARD_LIBRARIES = YES;
				BUNDLE_LOADER = "$(TEST_HOST)";
				CODE_SIGN_STYLE = Automatic;
				INFOPLIST_FILE = HeartTests/Info.plist;
				IPHONEOS_DEPLOYMENT_TARGET = 14.0;
				LD_RUNPATH_SEARCH_PATHS = (
					"$(inherited)",
					"@executable_path/Frameworks",
					"@loader_path/Frameworks",
				);
				PRODUCT_BUNDLE_IDENTIFIER = "-.HeartTests";
				PRODUCT_NAME = "$(TARGET_NAME)";
				SWIFT_VERSION = 5.0;
				TARGETED_DEVICE_FAMILY = "1,2";
				TEST_HOST = "$(BUILT_PRODUCTS_DIR)/Heart.app/Heart";
			};
			name = Debug;
		};
		525A1DE526B2FD26001AF29A /* Release */ = {
			isa = XCBuildConfiguration;
			buildSettings = {
				ALWAYS_EMBED_SWIFT_STANDARD_LIBRARIES = YES;
				BUNDLE_LOADER = "$(TEST_HOST)";
				CODE_SIGN_STYLE = Automatic;
				INFOPLIST_FILE = HeartTests/Info.plist;
				IPHONEOS_DEPLOYMENT_TARGET = 14.0;
				LD_RUNPATH_SEARCH_PATHS = (
					"$(inherited)",
					"@executable_path/Frameworks",
					"@loader_path/Frameworks",
				);
				PRODUCT_BUNDLE_IDENTIFIER = "-.HeartTests";
				PRODUCT_NAME = "$(TARGET_NAME)";
				SWIFT_VERSION = 5.0;
				TARGETED_DEVICE_FAMILY = "1,2";
				TEST_HOST = "$(BUILT_PRODUCTS_DIR)/Heart.app/Heart";
			};
			name = Release;
		};
		525A1DE726B2FD26001AF29A /* Debug */ = {
			isa = XCBuildConfiguration;
			buildSettings = {
				ALWAYS_EMBED_SWIFT_STANDARD_LIBRARIES = YES;
				CODE_SIGN_STYLE = Automatic;
				INFOPLIST_FILE = HeartUITests/Info.plist;
				LD_RUNPATH_SEARCH_PATHS = (
					"$(inherited)",
					"@executable_path/Frameworks",
					"@loader_path/Frameworks",
				);
				PRODUCT_BUNDLE_IDENTIFIER = "-.HeartUITests";
				PRODUCT_NAME = "$(TARGET_NAME)";
				SWIFT_VERSION = 5.0;
				TARGETED_DEVICE_FAMILY = "1,2";
				TEST_TARGET_NAME = Heart;
			};
			name = Debug;
		};
		525A1DE826B2FD26001AF29A /* Release */ = {
			isa = XCBuildConfiguration;
			buildSettings = {
				ALWAYS_EMBED_SWIFT_STANDARD_LIBRARIES = YES;
				CODE_SIGN_STYLE = Automatic;
				INFOPLIST_FILE = HeartUITests/Info.plist;
				LD_RUNPATH_SEARCH_PATHS = (
					"$(inherited)",
					"@executable_path/Frameworks",
					"@loader_path/Frameworks",
				);
				PRODUCT_BUNDLE_IDENTIFIER = "-.HeartUITests";
				PRODUCT_NAME = "$(TARGET_NAME)";
				SWIFT_VERSION = 5.0;
				TARGETED_DEVICE_FAMILY = "1,2";
				TEST_TARGET_NAME = Heart;
			};
			name = Release;
		};
/* End XCBuildConfiguration section */

/* Begin XCConfigurationList section */
		525A1DB626B2FD1E001AF29A /* Build configuration list for PBXProject "Heart" */ = {
			isa = XCConfigurationList;
			buildConfigurations = (
				525A1DDE26B2FD26001AF29A /* Debug */,
				525A1DDF26B2FD26001AF29A /* Release */,
			);
			defaultConfigurationIsVisible = 0;
			defaultConfigurationName = Release;
		};
		525A1DE026B2FD26001AF29A /* Build configuration list for PBXNativeTarget "Heart" */ = {
			isa = XCConfigurationList;
			buildConfigurations = (
				525A1DE126B2FD26001AF29A /* Debug */,
				525A1DE226B2FD26001AF29A /* Release */,
			);
			defaultConfigurationIsVisible = 0;
			defaultConfigurationName = Release;
		};
		525A1DE326B2FD26001AF29A /* Build configuration list for PBXNativeTarget "HeartTests" */ = {
			isa = XCConfigurationList;
			buildConfigurations = (
				525A1DE426B2FD26001AF29A /* Debug */,
				525A1DE526B2FD26001AF29A /* Release */,
			);
			defaultConfigurationIsVisible = 0;
			defaultConfigurationName = Release;
		};
		525A1DE626B2FD26001AF29A /* Build configuration list for PBXNativeTarget "HeartUITests" */ = {
			isa = XCConfigurationList;
			buildConfigurations = (
				525A1DE726B2FD26001AF29A /* Debug */,
				525A1DE826B2FD26001AF29A /* Release */,
			);
			defaultConfigurationIsVisible = 0;
			defaultConfigurationName = Release;
		};
/* End XCConfigurationList section */
	};
	rootObject = 525A1DB326B2FD1E001AF29A /* Project object */;
}
